
Microsoft Visual Studio Solution File, Format Version 12.00
# Visual Studio Version 16
VisualStudioVersion = 16.0.33027.164
MinimumVisualStudioVersion = 10.0.40219.1
Project("{FAE04EC0-301F-11D3-BF4B-00C04F79EFBC}") = "VehicleOOP", "VehicleOOP\VehicleOOP.csproj", "{3F27FCEF-59AA-49AF-9587-A2ED7A94CF18}"
EndProject
Global
	GlobalSection(SolutionConfigurationPlatforms) = preSolution
		Debug|Any CPU = Debug|Any CPU
		Release|Any CPU = Release|Any CPU
	EndGlobalSection
	GlobalSection(ProjectConfigurationPlatforms) = postSolution
		{3F27FCEF-59AA-49AF-9587-A2ED7A94CF18}.Debug|Any CPU.ActiveCfg = Debug|Any CPU
		{3F27FCEF-59AA-49AF-9587-A2ED7A94CF18}.Debug|Any CPU.Build.0 = Debug|Any CPU
		{3F27FCEF-59AA-49AF-9587-A2ED7A94CF18}.Release|Any CPU.ActiveCfg = Release|Any CPU
		{3F27FCEF-59AA-49AF-9587-A2ED7A94CF18}.Release|Any CPU.Build.0 = Release|Any CPU
	EndGlobalSection
	GlobalSection(SolutionProperties) = preSolution
		HideSolutionNode = FALSE
	EndGlobalSection
	GlobalSection(ExtensibilityGlobals) = postSolution
		SolutionGuid = {CD8AE561-49AC-4E35-9115-9C0B9383AE72}
	EndGlobalSection
EndGlobal
